
Microsoft Visual Studio Solution File, Format Version 12.00
# Visual Studio Version 17
VisualStudioVersion = 17.0.32112.339
MinimumVisualStudioVersion = 10.0.40219.1
Project("{2150E333-8FDC-42A3-9474-1A3956D46DE8}") = "Applications", "Applications", "{0911DDF1-E514-4BCF-915A-49999D5D168C}"
EndProject
Project("{9A19103F-16F7-4668-BE54-9A1E7A4F7556}") = "GameEstate", "src\GameEstate\GameEstate.csproj", "{AE8A0465-C688-4EDF-9242-1A549FB6154C}"
EndProject
Project("{9A19103F-16F7-4668-BE54-9A1E7A4F7556}") = "GameEstate.App.Explorer", "src\Applications\GameEstate.App.Explorer\GameEstate.App.Explorer.csproj", "{38C4E47D-7418-41FD-8017-FB5104D128BA}"
EndProject
Project("{9A19103F-16F7-4668-BE54-9A1E7A4F7556}") = "GameEstate.App.Cli", "src\Applications\GameEstate.App.Cli\GameEstate.App.Cli.csproj", "{F2C4C5A4-216F-43D9-8B8B-A793F70B3539}"
EndProject
Project("{9A19103F-16F7-4668-BE54-9A1E7A4F7556}") = "GameEstate.App.UnityPlugin", "src\Applications\GameEstate.App.UnityPlugin\GameEstate.App.UnityPlugin.csproj", "{CD09B351-E57D-4B12-914F-9F18E792E861}"
EndProject
Project("{9A19103F-16F7-4668-BE54-9A1E7A4F7556}") = "GameEstate.App.UnrealPlugin", "src\Applications\GameEstate.App.UnrealPlugin\GameEstate.App.UnrealPlugin.csproj", "{80148EDE-E470-402C-B8C5-D20E5847D983}"
EndProject
Project("{9A19103F-16F7-4668-BE54-9A1E7A4F7556}") = "GameEstateTests", "src\GameEstateTests\GameEstateTests.csproj", "{D9488276-03E3-4F83-A489-E82988CE3B83}"
EndProject
Project("{9A19103F-16F7-4668-BE54-9A1E7A4F7556}") = "GameEstate.App.CliTests", "src\Applications\GameEstate.App.CliTests\GameEstate.App.CliTests.csproj", "{DE9BDA65-BCFA-4E75-B30E-BC00E2AE96EC}"
EndProject
Project("{2150E333-8FDC-42A3-9474-1A3956D46DE8}") = "Platforms", "Platforms", "{CCEBF476-093B-49D8-91AD-6675B08CD89D}"
EndProject
Project("{2150E333-8FDC-42A3-9474-1A3956D46DE8}") = "OpenStack", "OpenStack", "{4EC06189-D9CE-42F3-BFA0-F70810EF617B}"
EndProject
Project("{9A19103F-16F7-4668-BE54-9A1E7A4F7556}") = "OpenStack.Graphics", "src\OpenStack\OpenStack.Graphics\OpenStack.Graphics.csproj", "{E37AEA94-1290-4E42-84D5-D2F5925B3EDE}"
EndProject
Project("{9A19103F-16F7-4668-BE54-9A1E7A4F7556}") = "OpenStack.Graphics.GLControl", "src\OpenStack\OpenStack.Graphics.GLControl\OpenStack.Graphics.GLControl.csproj", "{7262A549-F630-4636-B847-1ACA0B8587A4}"
EndProject
Project("{9A19103F-16F7-4668-BE54-9A1E7A4F7556}") = "OpenStack.Graphics.OpenGL", "src\OpenStack\OpenStack.Graphics.OpenGL\OpenStack.Graphics.OpenGL.csproj", "{92B38832-D28F-4A81-AEB1-C34130D2CCE6}"
EndProject
Project("{2150E333-8FDC-42A3-9474-1A3956D46DE8}") = "OpenTK", "OpenTK", "{8AB3EC66-BC8B-447F-9235-09B301ED39D7}"
EndProject
Project("{9A19103F-16F7-4668-BE54-9A1E7A4F7556}") = "OpenTK.GLControl", "src\OpenTK\OpenTK.GLControl\OpenTK.GLControl.csproj", "{B2BD8044-8307-4077-895B-0762E37954CC}"
EndProject
Project("{9A19103F-16F7-4668-BE54-9A1E7A4F7556}") = "OpenTK.WpfTest", "src\OpenTK\OpenTK.WpfTest\OpenTK.WpfTest.csproj", "{2C4112DE-DE5C-48EB-A5DD-62C8EFBA5621}"
EndProject
Project("{9A19103F-16F7-4668-BE54-9A1E7A4F7556}") = "GameEstate.Platform.OpenGL", "src\Platforms\GameEstate.Platform.OpenGL\GameEstate.Platform.OpenGL.csproj", "{25CF4BF8-091C-43FC-8ADB-D2E1D80EEAF5}"
EndProject
Project("{2150E333-8FDC-42A3-9474-1A3956D46DE8}") = "Estates", "Estates", "{6D79F5D6-917D-4593-A830-3998BF865DD2}"
EndProject
Project("{9A19103F-16F7-4668-BE54-9A1E7A4F7556}") = "GameEstate.Platform.Unity", "src\Platforms\GameEstate.Platform.Unity\GameEstate.Platform.Unity.csproj", "{5FA4394C-FC95-4985-AC57-945F74DFB546}"
EndProject
Project("{9A19103F-16F7-4668-BE54-9A1E7A4F7556}") = "GameEstate.Base", "src\Estates\GameEstate.Base\GameEstate.Base.csproj", "{3FC3058C-A858-4E1B-BB98-20A6CEA31003}"
EndProject
Project("{9A19103F-16F7-4668-BE54-9A1E7A4F7556}") = "GameEstate.Tes", "src\Estates\Tes\GameEstate.Tes\GameEstate.Tes.csproj", "{9EABC675-0628-4FB4-8368-5B3BF4C973A0}"
EndProject
Project("{9A19103F-16F7-4668-BE54-9A1E7A4F7556}") = "GameEstate.AC", "src\Estates\AC\GameEstate.AC\GameEstate.AC.csproj", "{2C006797-8617-4A22-9882-FDC8DFC40BE9}"
EndProject
Project("{9A19103F-16F7-4668-BE54-9A1E7A4F7556}") = "GameEstate.Arkane", "src\Estates\Arkane\GameEstate.Arkane\GameEstate.Arkane.csproj", "{48BE61C0-14AE-46B7-B879-FA81BDE0C29F}"
EndProject
Project("{9A19103F-16F7-4668-BE54-9A1E7A4F7556}") = "GameEstate.Aurora", "src\Estates\Aurora\GameEstate.Aurora\GameEstate.Aurora.csproj", "{91BAE307-CC80-4F66-9A18-3FB7D95F8C1E}"
EndProject
Project("{9A19103F-16F7-4668-BE54-9A1E7A4F7556}") = "GameEstate.Cyanide", "src\Estates\Cyanide\GameEstate.Cyanide\GameEstate.Cyanide.csproj", "{31AD4687-D476-4473-ABDF-395DDF1955BE}"
EndProject
Project("{9A19103F-16F7-4668-BE54-9A1E7A4F7556}") = "GameEstate.Cry", "src\Estates\Cry\GameEstate.Cry\GameEstate.Cry.csproj", "{F78B46E0-CBBC-47D9-AED2-412A561624A9}"
EndProject
Project("{9A19103F-16F7-4668-BE54-9A1E7A4F7556}") = "GameEstate.Origin", "src\Estates\Origin\GameEstate.Origin\GameEstate.Origin.csproj", "{E4F8A7F1-6A25-4CAE-B984-3134A1773DA0}"
EndProject
Project("{9A19103F-16F7-4668-BE54-9A1E7A4F7556}") = "GameEstate.Red", "src\Estates\Red\GameEstate.Red\GameEstate.Red.csproj", "{8A136344-FC94-4BEE-B052-536FED392689}"
EndProject
Project("{9A19103F-16F7-4668-BE54-9A1E7A4F7556}") = "GameEstate.Red.Resource", "src\Estates\Red\GameEstate.Red.Resource\GameEstate.Red.Resource.csproj", "{7A63F22B-554A-4AC3-9D28-7F1EEAC7BC19}"
EndProject
Project("{9A19103F-16F7-4668-BE54-9A1E7A4F7556}") = "GameEstate.Red.Format", "src\Estates\Red\GameEstate.Red.Format\GameEstate.Red.Format.csproj", "{44852006-3FFC-4974-9520-8E86354E385C}"
EndProject
Project("{9A19103F-16F7-4668-BE54-9A1E7A4F7556}") = "GameEstate.Rsi", "src\Estates\Rsi\GameEstate.Rsi\GameEstate.Rsi.csproj", "{1D05A2F5-8339-46AD-B055-EB4CAEC2A798}"
EndProject
Project("{9A19103F-16F7-4668-BE54-9A1E7A4F7556}") = "GameEstate.Valve", "src\Estates\Valve\GameEstate.Valve\GameEstate.Valve.csproj", "{1B2ABD77-688B-401B-96F1-6ABAD294E288}"
EndProject
Project("{9A19103F-16F7-4668-BE54-9A1E7A4F7556}") = "GameEstate.All", "src\Estates\GameEstate.All\GameEstate.All.csproj", "{7A2A2C87-7854-472F-9F5E-97CB5AE7F4E4}"
EndProject
Project("{9A19103F-16F7-4668-BE54-9A1E7A4F7556}") = "GameEstate.Valve.Platform", "src\Estates\Valve\GameEstate.Valve.Platform\GameEstate.Valve.Platform.csproj", "{FEEDECE3-852E-4970-ACE7-21BD8F72DADD}"
EndProject
Project("{9A19103F-16F7-4668-BE54-9A1E7A4F7556}") = "OpenTK.ConsoleTest", "src\OpenTK\OpenTK.ConsoleTest\OpenTK.ConsoleTest.csproj", "{C28DB02B-9600-48E5-82EA-3D1AAF8D7EDC}"
EndProject
Project("{9A19103F-16F7-4668-BE54-9A1E7A4F7556}") = "GameEstate.Tes.Platform", "src\Estates\Tes\GameEstate.Tes.Platform\GameEstate.Tes.Platform.csproj", "{E437BC56-D4FD-4873-8395-F61155291BE4}"
EndProject
Project("{9A19103F-16F7-4668-BE54-9A1E7A4F7556}") = "GameEstate.AC.Platform", "src\Estates\AC\GameEstate.AC.Platform\GameEstate.AC.Platform.csproj", "{6F2D8FE5-D64C-4D3B-BAAE-CC039E794A8A}"
EndProject
Project("{9A19103F-16F7-4668-BE54-9A1E7A4F7556}") = "GameEstate.Arkane.Platform", "src\Estates\Arkane\GameEstate.Arkane.Platform\GameEstate.Arkane.Platform.csproj", "{37B57C3F-DF39-412C-8AC5-21B4250E4FE4}"
EndProject
Project("{9A19103F-16F7-4668-BE54-9A1E7A4F7556}") = "GameEstate.Aurora.Platform", "src\Estates\Aurora\GameEstate.Aurora.Platform\GameEstate.Aurora.Platform.csproj", "{7D756EA0-6DE4-468F-9B10-E6D9626351E6}"
EndProject
Project("{9A19103F-16F7-4668-BE54-9A1E7A4F7556}") = "GameEstate.Cry.Platform", "src\Estates\Cry\GameEstate.Cry.Platform\GameEstate.Cry.Platform.csproj", "{B1C33283-BEB4-4A0E-8F07-E94C124C7EE0}"
EndProject
Project("{9A19103F-16F7-4668-BE54-9A1E7A4F7556}") = "GameEstate.Cyanide.Platform", "src\Estates\Cyanide\GameEstate.Cyanide.Platform\GameEstate.Cyanide.Platform.csproj", "{D7163BCF-77B8-4D63-A783-12F25DA505FA}"
EndProject
Project("{9A19103F-16F7-4668-BE54-9A1E7A4F7556}") = "GameEstate.Origin.Platform", "src\Estates\Origin\GameEstate.Origin.Platform\GameEstate.Origin.Platform.csproj", "{D5941CCC-4D5E-4C0C-811D-4F8F6856ABA2}"
EndProject
Project("{9A19103F-16F7-4668-BE54-9A1E7A4F7556}") = "GameEstate.Red.Platform", "src\Estates\Red\GameEstate.Red.Platform\GameEstate.Red.Platform.csproj", "{D533FE41-44BA-4DAC-B127-B1BD39300B88}"
EndProject
Project("{9A19103F-16F7-4668-BE54-9A1E7A4F7556}") = "GameEstate.Rsi.Platform", "src\Estates\Rsi\GameEstate.Rsi.Platform\GameEstate.Rsi.Platform.csproj", "{C36DED3A-7A90-4616-B8E5-24D3DBB6F9EC}"
EndProject
Project("{9A19103F-16F7-4668-BE54-9A1E7A4F7556}") = "OpenStack.Physics", "src\OpenStack\OpenStack.Physics\OpenStack.Physics.csproj", "{B55EECCE-8302-4883-B25D-FB7EF4BE8CE0}"
EndProject
Project("{9A19103F-16F7-4668-BE54-9A1E7A4F7556}") = "OpenStack.Graphics.OpenGL2", "src\OpenStack\OpenStack.Graphics.OpenGL2\OpenStack.Graphics.OpenGL2.csproj", "{8CBDECFC-D1A0-4A03-BCD4-BE7F979EC9C6}"
EndProject
Project("{9A19103F-16F7-4668-BE54-9A1E7A4F7556}") = "GameEstate.AC.Tests", "src\Estates\AC\GameEstate.AC.Tests\GameEstate.AC.Tests.csproj", "{0EE14144-83BC-4907-AB66-FA660A3CCBB8}"
EndProject
Project("{2150E333-8FDC-42A3-9474-1A3956D46DE8}") = "AC", "AC", "{63EAABF5-FA58-43EA-BE1B-C5641D3996B1}"
EndProject
Project("{2150E333-8FDC-42A3-9474-1A3956D46DE8}") = "Aurora", "Aurora", "{0FE16CA6-5BAC-46EF-A696-2FFD44907F7A}"
EndProject
Project("{2150E333-8FDC-42A3-9474-1A3956D46DE8}") = "Cry", "Cry", "{09567064-E2D7-4C14-88BD-E20A9FC854F7}"
EndProject
Project("{2150E333-8FDC-42A3-9474-1A3956D46DE8}") = "Cyanide", "Cyanide", "{D70FC29C-0064-4EC1-B5A5-E4ECEAA268A4}"
EndProject
Project("{2150E333-8FDC-42A3-9474-1A3956D46DE8}") = "Origin", "Origin", "{86BECD2E-F3E7-440A-83DC-2251A936DAD1}"
EndProject
Project("{2150E333-8FDC-42A3-9474-1A3956D46DE8}") = "Red", "Red", "{AAC0AA8C-6FE6-4C85-840B-B4387689AFE0}"
EndProject
Project("{2150E333-8FDC-42A3-9474-1A3956D46DE8}") = "Rsi", "Rsi", "{C3CBA0E9-0DCB-486E-B1F4-DE3EE06FF465}"
EndProject
Project("{2150E333-8FDC-42A3-9474-1A3956D46DE8}") = "Tes", "Tes", "{FE2BB652-4CA0-4EC3-9861-E99605C7CBD6}"
EndProject
Project("{2150E333-8FDC-42A3-9474-1A3956D46DE8}") = "Valve", "Valve", "{20F92FF8-A265-443A-8D10-F113903A7ECE}"
EndProject
Project("{2150E333-8FDC-42A3-9474-1A3956D46DE8}") = "Arkane", "Arkane", "{C0591484-7895-44F5-B595-5A913F60F556}"
EndProject
Project("{9A19103F-16F7-4668-BE54-9A1E7A4F7556}") = "GameEstate.Arkane.Tests", "src\Estates\Arkane\GameEstate.Arkane.Tests\GameEstate.Arkane.Tests.csproj", "{AAA182C8-D4E5-426C-99E6-1878AB75104F}"
EndProject
Project("{9A19103F-16F7-4668-BE54-9A1E7A4F7556}") = "GameEstate.Aurora.Tests", "src\Estates\Aurora\GameEstate.Aurora.Tests\GameEstate.Aurora.Tests.csproj", "{1829C813-0B7B-4BF6-90E1-B14C60305E0E}"
EndProject
Project("{9A19103F-16F7-4668-BE54-9A1E7A4F7556}") = "GameEstate.Cry.Tests", "src\Estates\Cry\GameEstate.Cry.Tests\GameEstate.Cry.Tests.csproj", "{13EDAB4C-8D29-4AE6-89AA-0A43C01E1B79}"
EndProject
Project("{9A19103F-16F7-4668-BE54-9A1E7A4F7556}") = "GameEstate.Cyanide.Tests", "src\Estates\Cyanide\GameEstate.Cyanide.Tests\GameEstate.Cyanide.Tests.csproj", "{2887FF71-10EA-4F92-9A9F-D764FEE87ECD}"
EndProject
Project("{9A19103F-16F7-4668-BE54-9A1E7A4F7556}") = "GameEstate.Origin.Tests", "src\Estates\Origin\GameEstate.Origin.Tests\GameEstate.Origin.Tests.csproj", "{02C7DEBB-3CF7-440F-A3B6-CF81AE18121D}"
EndProject
Project("{9A19103F-16F7-4668-BE54-9A1E7A4F7556}") = "GameEstate.Red.Tests", "src\Estates\Red\GameEstate.Red.Tests\GameEstate.Red.Tests.csproj", "{A385BBE9-2E0E-4B64-9453-097340C7DBA0}"
EndProject
Project("{9A19103F-16F7-4668-BE54-9A1E7A4F7556}") = "GameEstate.Rsi.Tests", "src\Estates\Rsi\GameEstate.Rsi.Tests\GameEstate.Rsi.Tests.csproj", "{102723B8-1076-441E-B4D4-7A7F7A218580}"
EndProject
Project("{9A19103F-16F7-4668-BE54-9A1E7A4F7556}") = "GameEstate.Tes.Tests", "src\Estates\Tes\GameEstate.Tes.Tests\GameEstate.Tes.Tests.csproj", "{4902D33D-5820-4D98-B615-1B617DE9F63C}"
EndProject
Project("{9A19103F-16F7-4668-BE54-9A1E7A4F7556}") = "GameEstate.Valve.Tests", "src\Estates\Valve\GameEstate.Valve.Tests\GameEstate.Valve.Tests.csproj", "{CA9D5751-98A4-4621-9719-9C8DD8075EE9}"
EndProject
Project("{9A19103F-16F7-4668-BE54-9A1E7A4F7556}") = "GameEstate.Platform.Unreal", "src\Platforms\GameEstate.Platform.Unreal\GameEstate.Platform.Unreal.csproj", "{D41A01B3-4586-4DDB-989D-98BB202B96F0}"
EndProject
Project("{9A19103F-16F7-4668-BE54-9A1E7A4F7556}") = "GameEstate.All.Tests", "src\Estates\GameEstate.All.Tests\GameEstate.All.Tests.csproj", "{E7557448-1A46-42B9-B57C-F3491E67FF59}"
EndProject
Project("{9A19103F-16F7-4668-BE54-9A1E7A4F7556}") = "GameEstate.Base.Tests", "src\Estates\GameEstate.Base.Tests\GameEstate.Base.Tests.csproj", "{8721872F-F714-4E26-9991-487404D570AB}"
EndProject
Global
	GlobalSection(SolutionConfigurationPlatforms) = preSolution
		Debug|Any CPU = Debug|Any CPU
		Release|Any CPU = Release|Any CPU
	EndGlobalSection
	GlobalSection(ProjectConfigurationPlatforms) = postSolution
		{AE8A0465-C688-4EDF-9242-1A549FB6154C}.Debug|Any CPU.ActiveCfg = Debug|Any CPU
		{AE8A0465-C688-4EDF-9242-1A549FB6154C}.Debug|Any CPU.Build.0 = Debug|Any CPU
		{AE8A0465-C688-4EDF-9242-1A549FB6154C}.Release|Any CPU.ActiveCfg = Release|Any CPU
		{AE8A0465-C688-4EDF-9242-1A549FB6154C}.Release|Any CPU.Build.0 = Release|Any CPU
		{38C4E47D-7418-41FD-8017-FB5104D128BA}.Debug|Any CPU.ActiveCfg = Debug|Any CPU
		{38C4E47D-7418-41FD-8017-FB5104D128BA}.Debug|Any CPU.Build.0 = Debug|Any CPU
		{38C4E47D-7418-41FD-8017-FB5104D128BA}.Release|Any CPU.ActiveCfg = Release|Any CPU
		{38C4E47D-7418-41FD-8017-FB5104D128BA}.Release|Any CPU.Build.0 = Release|Any CPU
		{F2C4C5A4-216F-43D9-8B8B-A793F70B3539}.Debug|Any CPU.ActiveCfg = Debug|Any CPU
		{F2C4C5A4-216F-43D9-8B8B-A793F70B3539}.Debug|Any CPU.Build.0 = Debug|Any CPU
		{F2C4C5A4-216F-43D9-8B8B-A793F70B3539}.Release|Any CPU.ActiveCfg = Release|Any CPU
		{F2C4C5A4-216F-43D9-8B8B-A793F70B3539}.Release|Any CPU.Build.0 = Release|Any CPU
		{CD09B351-E57D-4B12-914F-9F18E792E861}.Debug|Any CPU.ActiveCfg = Debug|Any CPU
		{CD09B351-E57D-4B12-914F-9F18E792E861}.Debug|Any CPU.Build.0 = Debug|Any CPU
		{CD09B351-E57D-4B12-914F-9F18E792E861}.Release|Any CPU.ActiveCfg = Release|Any CPU
		{CD09B351-E57D-4B12-914F-9F18E792E861}.Release|Any CPU.Build.0 = Release|Any CPU
		{80148EDE-E470-402C-B8C5-D20E5847D983}.Debug|Any CPU.ActiveCfg = Debug|Any CPU
		{80148EDE-E470-402C-B8C5-D20E5847D983}.Debug|Any CPU.Build.0 = Debug|Any CPU
		{80148EDE-E470-402C-B8C5-D20E5847D983}.Release|Any CPU.ActiveCfg = Release|Any CPU
		{80148EDE-E470-402C-B8C5-D20E5847D983}.Release|Any CPU.Build.0 = Release|Any CPU
		{D9488276-03E3-4F83-A489-E82988CE3B83}.Debug|Any CPU.ActiveCfg = Debug|Any CPU
		{D9488276-03E3-4F83-A489-E82988CE3B83}.Debug|Any CPU.Build.0 = Debug|Any CPU
		{D9488276-03E3-4F83-A489-E82988CE3B83}.Release|Any CPU.ActiveCfg = Release|Any CPU
		{D9488276-03E3-4F83-A489-E82988CE3B83}.Release|Any CPU.Build.0 = Release|Any CPU
		{DE9BDA65-BCFA-4E75-B30E-BC00E2AE96EC}.Debug|Any CPU.ActiveCfg = Debug|Any CPU
		{DE9BDA65-BCFA-4E75-B30E-BC00E2AE96EC}.Debug|Any CPU.Build.0 = Debug|Any CPU
		{DE9BDA65-BCFA-4E75-B30E-BC00E2AE96EC}.Release|Any CPU.ActiveCfg = Release|Any CPU
		{DE9BDA65-BCFA-4E75-B30E-BC00E2AE96EC}.Release|Any CPU.Build.0 = Release|Any CPU
		{E37AEA94-1290-4E42-84D5-D2F5925B3EDE}.Debug|Any CPU.ActiveCfg = Debug|Any CPU
		{E37AEA94-1290-4E42-84D5-D2F5925B3EDE}.Debug|Any CPU.Build.0 = Debug|Any CPU
		{E37AEA94-1290-4E42-84D5-D2F5925B3EDE}.Release|Any CPU.ActiveCfg = Release|Any CPU
		{E37AEA94-1290-4E42-84D5-D2F5925B3EDE}.Release|Any CPU.Build.0 = Release|Any CPU
		{7262A549-F630-4636-B847-1ACA0B8587A4}.Debug|Any CPU.ActiveCfg = Debug|Any CPU
		{7262A549-F630-4636-B847-1ACA0B8587A4}.Debug|Any CPU.Build.0 = Debug|Any CPU
		{7262A549-F630-4636-B847-1ACA0B8587A4}.Release|Any CPU.ActiveCfg = Release|Any CPU
		{7262A549-F630-4636-B847-1ACA0B8587A4}.Release|Any CPU.Build.0 = Release|Any CPU
		{92B38832-D28F-4A81-AEB1-C34130D2CCE6}.Debug|Any CPU.ActiveCfg = Debug|Any CPU
		{92B38832-D28F-4A81-AEB1-C34130D2CCE6}.Debug|Any CPU.Build.0 = Debug|Any CPU
		{92B38832-D28F-4A81-AEB1-C34130D2CCE6}.Release|Any CPU.ActiveCfg = Release|Any CPU
		{92B38832-D28F-4A81-AEB1-C34130D2CCE6}.Release|Any CPU.Build.0 = Release|Any CPU
		{B2BD8044-8307-4077-895B-0762E37954CC}.Debug|Any CPU.ActiveCfg = Debug|Any CPU
		{B2BD8044-8307-4077-895B-0762E37954CC}.Debug|Any CPU.Build.0 = Debug|Any CPU
		{B2BD8044-8307-4077-895B-0762E37954CC}.Release|Any CPU.ActiveCfg = Release|Any CPU
		{B2BD8044-8307-4077-895B-0762E37954CC}.Release|Any CPU.Build.0 = Release|Any CPU
		{2C4112DE-DE5C-48EB-A5DD-62C8EFBA5621}.Debug|Any CPU.ActiveCfg = Debug|Any CPU
		{2C4112DE-DE5C-48EB-A5DD-62C8EFBA5621}.Debug|Any CPU.Build.0 = Debug|Any CPU
		{2C4112DE-DE5C-48EB-A5DD-62C8EFBA5621}.Release|Any CPU.ActiveCfg = Release|Any CPU
		{2C4112DE-DE5C-48EB-A5DD-62C8EFBA5621}.Release|Any CPU.Build.0 = Release|Any CPU
		{25CF4BF8-091C-43FC-8ADB-D2E1D80EEAF5}.Debug|Any CPU.ActiveCfg = Debug|Any CPU
		{25CF4BF8-091C-43FC-8ADB-D2E1D80EEAF5}.Debug|Any CPU.Build.0 = Debug|Any CPU
		{25CF4BF8-091C-43FC-8ADB-D2E1D80EEAF5}.Release|Any CPU.ActiveCfg = Release|Any CPU
		{25CF4BF8-091C-43FC-8ADB-D2E1D80EEAF5}.Release|Any CPU.Build.0 = Release|Any CPU
		{5FA4394C-FC95-4985-AC57-945F74DFB546}.Debug|Any CPU.ActiveCfg = Debug|Any CPU
		{5FA4394C-FC95-4985-AC57-945F74DFB546}.Debug|Any CPU.Build.0 = Debug|Any CPU
		{5FA4394C-FC95-4985-AC57-945F74DFB546}.Release|Any CPU.ActiveCfg = Release|Any CPU
		{5FA4394C-FC95-4985-AC57-945F74DFB546}.Release|Any CPU.Build.0 = Release|Any CPU
		{3FC3058C-A858-4E1B-BB98-20A6CEA31003}.Debug|Any CPU.ActiveCfg = Debug|Any CPU
		{3FC3058C-A858-4E1B-BB98-20A6CEA31003}.Debug|Any CPU.Build.0 = Debug|Any CPU
		{3FC3058C-A858-4E1B-BB98-20A6CEA31003}.Release|Any CPU.ActiveCfg = Release|Any CPU
		{3FC3058C-A858-4E1B-BB98-20A6CEA31003}.Release|Any CPU.Build.0 = Release|Any CPU
		{9EABC675-0628-4FB4-8368-5B3BF4C973A0}.Debug|Any CPU.ActiveCfg = Debug|Any CPU
		{9EABC675-0628-4FB4-8368-5B3BF4C973A0}.Debug|Any CPU.Build.0 = Debug|Any CPU
		{9EABC675-0628-4FB4-8368-5B3BF4C973A0}.Release|Any CPU.ActiveCfg = Release|Any CPU
		{9EABC675-0628-4FB4-8368-5B3BF4C973A0}.Release|Any CPU.Build.0 = Release|Any CPU
		{2C006797-8617-4A22-9882-FDC8DFC40BE9}.Debug|Any CPU.ActiveCfg = Debug|Any CPU
		{2C006797-8617-4A22-9882-FDC8DFC40BE9}.Debug|Any CPU.Build.0 = Debug|Any CPU
		{2C006797-8617-4A22-9882-FDC8DFC40BE9}.Release|Any CPU.ActiveCfg = Release|Any CPU
		{2C006797-8617-4A22-9882-FDC8DFC40BE9}.Release|Any CPU.Build.0 = Release|Any CPU
		{48BE61C0-14AE-46B7-B879-FA81BDE0C29F}.Debug|Any CPU.ActiveCfg = Debug|Any CPU
		{48BE61C0-14AE-46B7-B879-FA81BDE0C29F}.Debug|Any CPU.Build.0 = Debug|Any CPU
		{48BE61C0-14AE-46B7-B879-FA81BDE0C29F}.Release|Any CPU.ActiveCfg = Release|Any CPU
		{48BE61C0-14AE-46B7-B879-FA81BDE0C29F}.Release|Any CPU.Build.0 = Release|Any CPU
		{91BAE307-CC80-4F66-9A18-3FB7D95F8C1E}.Debug|Any CPU.ActiveCfg = Debug|Any CPU
		{91BAE307-CC80-4F66-9A18-3FB7D95F8C1E}.Debug|Any CPU.Build.0 = Debug|Any CPU
		{91BAE307-CC80-4F66-9A18-3FB7D95F8C1E}.Release|Any CPU.ActiveCfg = Release|Any CPU
		{91BAE307-CC80-4F66-9A18-3FB7D95F8C1E}.Release|Any CPU.Build.0 = Release|Any CPU
		{31AD4687-D476-4473-ABDF-395DDF1955BE}.Debug|Any CPU.ActiveCfg = Debug|Any CPU
		{31AD4687-D476-4473-ABDF-395DDF1955BE}.Debug|Any CPU.Build.0 = Debug|Any CPU
		{31AD4687-D476-4473-ABDF-395DDF1955BE}.Release|Any CPU.ActiveCfg = Release|Any CPU
		{31AD4687-D476-4473-ABDF-395DDF1955BE}.Release|Any CPU.Build.0 = Release|Any CPU
		{F78B46E0-CBBC-47D9-AED2-412A561624A9}.Debug|Any CPU.ActiveCfg = Debug|Any CPU
		{F78B46E0-CBBC-47D9-AED2-412A561624A9}.Debug|Any CPU.Build.0 = Debug|Any CPU
		{F78B46E0-CBBC-47D9-AED2-412A561624A9}.Release|Any CPU.ActiveCfg = Release|Any CPU
		{F78B46E0-CBBC-47D9-AED2-412A561624A9}.Release|Any CPU.Build.0 = Release|Any CPU
		{E4F8A7F1-6A25-4CAE-B984-3134A1773DA0}.Debug|Any CPU.ActiveCfg = Debug|Any CPU
		{E4F8A7F1-6A25-4CAE-B984-3134A1773DA0}.Debug|Any CPU.Build.0 = Debug|Any CPU
		{E4F8A7F1-6A25-4CAE-B984-3134A1773DA0}.Release|Any CPU.ActiveCfg = Release|Any CPU
		{E4F8A7F1-6A25-4CAE-B984-3134A1773DA0}.Release|Any CPU.Build.0 = Release|Any CPU
		{8A136344-FC94-4BEE-B052-536FED392689}.Debug|Any CPU.ActiveCfg = Debug|Any CPU
		{8A136344-FC94-4BEE-B052-536FED392689}.Debug|Any CPU.Build.0 = Debug|Any CPU
		{8A136344-FC94-4BEE-B052-536FED392689}.Release|Any CPU.ActiveCfg = Release|Any CPU
		{8A136344-FC94-4BEE-B052-536FED392689}.Release|Any CPU.Build.0 = Release|Any CPU
		{7A63F22B-554A-4AC3-9D28-7F1EEAC7BC19}.Debug|Any CPU.ActiveCfg = Debug|Any CPU
		{7A63F22B-554A-4AC3-9D28-7F1EEAC7BC19}.Debug|Any CPU.Build.0 = Debug|Any CPU
		{7A63F22B-554A-4AC3-9D28-7F1EEAC7BC19}.Release|Any CPU.ActiveCfg = Release|Any CPU
		{7A63F22B-554A-4AC3-9D28-7F1EEAC7BC19}.Release|Any CPU.Build.0 = Release|Any CPU
		{44852006-3FFC-4974-9520-8E86354E385C}.Debug|Any CPU.ActiveCfg = Debug|Any CPU
		{44852006-3FFC-4974-9520-8E86354E385C}.Debug|Any CPU.Build.0 = Debug|Any CPU
		{44852006-3FFC-4974-9520-8E86354E385C}.Release|Any CPU.ActiveCfg = Release|Any CPU
		{44852006-3FFC-4974-9520-8E86354E385C}.Release|Any CPU.Build.0 = Release|Any CPU
		{1D05A2F5-8339-46AD-B055-EB4CAEC2A798}.Debug|Any CPU.ActiveCfg = Debug|Any CPU
		{1D05A2F5-8339-46AD-B055-EB4CAEC2A798}.Debug|Any CPU.Build.0 = Debug|Any CPU
		{1D05A2F5-8339-46AD-B055-EB4CAEC2A798}.Release|Any CPU.ActiveCfg = Release|Any CPU
		{1D05A2F5-8339-46AD-B055-EB4CAEC2A798}.Release|Any CPU.Build.0 = Release|Any CPU
		{1B2ABD77-688B-401B-96F1-6ABAD294E288}.Debug|Any CPU.ActiveCfg = Debug|Any CPU
		{1B2ABD77-688B-401B-96F1-6ABAD294E288}.Debug|Any CPU.Build.0 = Debug|Any CPU
		{1B2ABD77-688B-401B-96F1-6ABAD294E288}.Release|Any CPU.ActiveCfg = Release|Any CPU
		{1B2ABD77-688B-401B-96F1-6ABAD294E288}.Release|Any CPU.Build.0 = Release|Any CPU
		{7A2A2C87-7854-472F-9F5E-97CB5AE7F4E4}.Debug|Any CPU.ActiveCfg = Debug|Any CPU
		{7A2A2C87-7854-472F-9F5E-97CB5AE7F4E4}.Debug|Any CPU.Build.0 = Debug|Any CPU
		{7A2A2C87-7854-472F-9F5E-97CB5AE7F4E4}.Release|Any CPU.ActiveCfg = Release|Any CPU
		{7A2A2C87-7854-472F-9F5E-97CB5AE7F4E4}.Release|Any CPU.Build.0 = Release|Any CPU
		{FEEDECE3-852E-4970-ACE7-21BD8F72DADD}.Debug|Any CPU.ActiveCfg = Debug|Any CPU
		{FEEDECE3-852E-4970-ACE7-21BD8F72DADD}.Debug|Any CPU.Build.0 = Debug|Any CPU
		{FEEDECE3-852E-4970-ACE7-21BD8F72DADD}.Release|Any CPU.ActiveCfg = Release|Any CPU
		{FEEDECE3-852E-4970-ACE7-21BD8F72DADD}.Release|Any CPU.Build.0 = Release|Any CPU
		{C28DB02B-9600-48E5-82EA-3D1AAF8D7EDC}.Debug|Any CPU.ActiveCfg = Debug|Any CPU
		{C28DB02B-9600-48E5-82EA-3D1AAF8D7EDC}.Debug|Any CPU.Build.0 = Debug|Any CPU
		{C28DB02B-9600-48E5-82EA-3D1AAF8D7EDC}.Release|Any CPU.ActiveCfg = Release|Any CPU
		{C28DB02B-9600-48E5-82EA-3D1AAF8D7EDC}.Release|Any CPU.Build.0 = Release|Any CPU
		{E437BC56-D4FD-4873-8395-F61155291BE4}.Debug|Any CPU.ActiveCfg = Debug|Any CPU
		{E437BC56-D4FD-4873-8395-F61155291BE4}.Debug|Any CPU.Build.0 = Debug|Any CPU
		{E437BC56-D4FD-4873-8395-F61155291BE4}.Release|Any CPU.ActiveCfg = Release|Any CPU
		{E437BC56-D4FD-4873-8395-F61155291BE4}.Release|Any CPU.Build.0 = Release|Any CPU
		{6F2D8FE5-D64C-4D3B-BAAE-CC039E794A8A}.Debug|Any CPU.ActiveCfg = Debug|Any CPU
		{6F2D8FE5-D64C-4D3B-BAAE-CC039E794A8A}.Debug|Any CPU.Build.0 = Debug|Any CPU
		{6F2D8FE5-D64C-4D3B-BAAE-CC039E794A8A}.Release|Any CPU.ActiveCfg = Release|Any CPU
		{6F2D8FE5-D64C-4D3B-BAAE-CC039E794A8A}.Release|Any CPU.Build.0 = Release|Any CPU
		{37B57C3F-DF39-412C-8AC5-21B4250E4FE4}.Debug|Any CPU.ActiveCfg = Debug|Any CPU
		{37B57C3F-DF39-412C-8AC5-21B4250E4FE4}.Debug|Any CPU.Build.0 = Debug|Any CPU
		{37B57C3F-DF39-412C-8AC5-21B4250E4FE4}.Release|Any CPU.ActiveCfg = Release|Any CPU
		{37B57C3F-DF39-412C-8AC5-21B4250E4FE4}.Release|Any CPU.Build.0 = Release|Any CPU
		{7D756EA0-6DE4-468F-9B10-E6D9626351E6}.Debug|Any CPU.ActiveCfg = Debug|Any CPU
		{7D756EA0-6DE4-468F-9B10-E6D9626351E6}.Debug|Any CPU.Build.0 = Debug|Any CPU
		{7D756EA0-6DE4-468F-9B10-E6D9626351E6}.Release|Any CPU.ActiveCfg = Release|Any CPU
		{7D756EA0-6DE4-468F-9B10-E6D9626351E6}.Release|Any CPU.Build.0 = Release|Any CPU
		{B1C33283-BEB4-4A0E-8F07-E94C124C7EE0}.Debug|Any CPU.ActiveCfg = Debug|Any CPU
		{B1C33283-BEB4-4A0E-8F07-E94C124C7EE0}.Debug|Any CPU.Build.0 = Debug|Any CPU
		{B1C33283-BEB4-4A0E-8F07-E94C124C7EE0}.Release|Any CPU.ActiveCfg = Release|Any CPU
		{B1C33283-BEB4-4A0E-8F07-E94C124C7EE0}.Release|Any CPU.Build.0 = Release|Any CPU
		{D7163BCF-77B8-4D63-A783-12F25DA505FA}.Debug|Any CPU.ActiveCfg = Debug|Any CPU
		{D7163BCF-77B8-4D63-A783-12F25DA505FA}.Debug|Any CPU.Build.0 = Debug|Any CPU
		{D7163BCF-77B8-4D63-A783-12F25DA505FA}.Release|Any CPU.ActiveCfg = Release|Any CPU
		{D7163BCF-77B8-4D63-A783-12F25DA505FA}.Release|Any CPU.Build.0 = Release|Any CPU
		{D5941CCC-4D5E-4C0C-811D-4F8F6856ABA2}.Debug|Any CPU.ActiveCfg = Debug|Any CPU
		{D5941CCC-4D5E-4C0C-811D-4F8F6856ABA2}.Debug|Any CPU.Build.0 = Debug|Any CPU
		{D5941CCC-4D5E-4C0C-811D-4F8F6856ABA2}.Release|Any CPU.ActiveCfg = Release|Any CPU
		{D5941CCC-4D5E-4C0C-811D-4F8F6856ABA2}.Release|Any CPU.Build.0 = Release|Any CPU
		{D533FE41-44BA-4DAC-B127-B1BD39300B88}.Debug|Any CPU.ActiveCfg = Debug|Any CPU
		{D533FE41-44BA-4DAC-B127-B1BD39300B88}.Debug|Any CPU.Build.0 = Debug|Any CPU
		{D533FE41-44BA-4DAC-B127-B1BD39300B88}.Release|Any CPU.ActiveCfg = Release|Any CPU
		{D533FE41-44BA-4DAC-B127-B1BD39300B88}.Release|Any CPU.Build.0 = Release|Any CPU
		{C36DED3A-7A90-4616-B8E5-24D3DBB6F9EC}.Debug|Any CPU.ActiveCfg = Debug|Any CPU
		{C36DED3A-7A90-4616-B8E5-24D3DBB6F9EC}.Debug|Any CPU.Build.0 = Debug|Any CPU
		{C36DED3A-7A90-4616-B8E5-24D3DBB6F9EC}.Release|Any CPU.ActiveCfg = Release|Any CPU
		{C36DED3A-7A90-4616-B8E5-24D3DBB6F9EC}.Release|Any CPU.Build.0 = Release|Any CPU
		{B55EECCE-8302-4883-B25D-FB7EF4BE8CE0}.Debug|Any CPU.ActiveCfg = Debug|Any CPU
		{B55EECCE-8302-4883-B25D-FB7EF4BE8CE0}.Debug|Any CPU.Build.0 = Debug|Any CPU
		{B55EECCE-8302-4883-B25D-FB7EF4BE8CE0}.Release|Any CPU.ActiveCfg = Release|Any CPU
		{B55EECCE-8302-4883-B25D-FB7EF4BE8CE0}.Release|Any CPU.Build.0 = Release|Any CPU
		{8CBDECFC-D1A0-4A03-BCD4-BE7F979EC9C6}.Debug|Any CPU.ActiveCfg = Debug|Any CPU
		{8CBDECFC-D1A0-4A03-BCD4-BE7F979EC9C6}.Debug|Any CPU.Build.0 = Debug|Any CPU
		{8CBDECFC-D1A0-4A03-BCD4-BE7F979EC9C6}.Release|Any CPU.ActiveCfg = Release|Any CPU
		{8CBDECFC-D1A0-4A03-BCD4-BE7F979EC9C6}.Release|Any CPU.Build.0 = Release|Any CPU
		{0EE14144-83BC-4907-AB66-FA660A3CCBB8}.Debug|Any CPU.ActiveCfg = Debug|Any CPU
		{0EE14144-83BC-4907-AB66-FA660A3CCBB8}.Debug|Any CPU.Build.0 = Debug|Any CPU
		{0EE14144-83BC-4907-AB66-FA660A3CCBB8}.Release|Any CPU.ActiveCfg = Release|Any CPU
		{0EE14144-83BC-4907-AB66-FA660A3CCBB8}.Release|Any CPU.Build.0 = Release|Any CPU
		{AAA182C8-D4E5-426C-99E6-1878AB75104F}.Debug|Any CPU.ActiveCfg = Debug|Any CPU
		{AAA182C8-D4E5-426C-99E6-1878AB75104F}.Debug|Any CPU.Build.0 = Debug|Any CPU
		{AAA182C8-D4E5-426C-99E6-1878AB75104F}.Release|Any CPU.ActiveCfg = Release|Any CPU
		{AAA182C8-D4E5-426C-99E6-1878AB75104F}.Release|Any CPU.Build.0 = Release|Any CPU
		{1829C813-0B7B-4BF6-90E1-B14C60305E0E}.Debug|Any CPU.ActiveCfg = Debug|Any CPU
		{1829C813-0B7B-4BF6-90E1-B14C60305E0E}.Debug|Any CPU.Build.0 = Debug|Any CPU
		{1829C813-0B7B-4BF6-90E1-B14C60305E0E}.Release|Any CPU.ActiveCfg = Release|Any CPU
		{1829C813-0B7B-4BF6-90E1-B14C60305E0E}.Release|Any CPU.Build.0 = Release|Any CPU
		{13EDAB4C-8D29-4AE6-89AA-0A43C01E1B79}.Debug|Any CPU.ActiveCfg = Debug|Any CPU
		{13EDAB4C-8D29-4AE6-89AA-0A43C01E1B79}.Debug|Any CPU.Build.0 = Debug|Any CPU
		{13EDAB4C-8D29-4AE6-89AA-0A43C01E1B79}.Release|Any CPU.ActiveCfg = Release|Any CPU
		{13EDAB4C-8D29-4AE6-89AA-0A43C01E1B79}.Release|Any CPU.Build.0 = Release|Any CPU
		{2887FF71-10EA-4F92-9A9F-D764FEE87ECD}.Debug|Any CPU.ActiveCfg = Debug|Any CPU
		{2887FF71-10EA-4F92-9A9F-D764FEE87ECD}.Debug|Any CPU.Build.0 = Debug|Any CPU
		{2887FF71-10EA-4F92-9A9F-D764FEE87ECD}.Release|Any CPU.ActiveCfg = Release|Any CPU
		{2887FF71-10EA-4F92-9A9F-D764FEE87ECD}.Release|Any CPU.Build.0 = Release|Any CPU
		{02C7DEBB-3CF7-440F-A3B6-CF81AE18121D}.Debug|Any CPU.ActiveCfg = Debug|Any CPU
		{02C7DEBB-3CF7-440F-A3B6-CF81AE18121D}.Debug|Any CPU.Build.0 = Debug|Any CPU
		{02C7DEBB-3CF7-440F-A3B6-CF81AE18121D}.Release|Any CPU.ActiveCfg = Release|Any CPU
		{02C7DEBB-3CF7-440F-A3B6-CF81AE18121D}.Release|Any CPU.Build.0 = Release|Any CPU
		{A385BBE9-2E0E-4B64-9453-097340C7DBA0}.Debug|Any CPU.ActiveCfg = Debug|Any CPU
		{A385BBE9-2E0E-4B64-9453-097340C7DBA0}.Debug|Any CPU.Build.0 = Debug|Any CPU
		{A385BBE9-2E0E-4B64-9453-097340C7DBA0}.Release|Any CPU.ActiveCfg = Release|Any CPU
		{A385BBE9-2E0E-4B64-9453-097340C7DBA0}.Release|Any CPU.Build.0 = Release|Any CPU
		{102723B8-1076-441E-B4D4-7A7F7A218580}.Debug|Any CPU.ActiveCfg = Debug|Any CPU
		{102723B8-1076-441E-B4D4-7A7F7A218580}.Debug|Any CPU.Build.0 = Debug|Any CPU
		{102723B8-1076-441E-B4D4-7A7F7A218580}.Release|Any CPU.ActiveCfg = Release|Any CPU
		{102723B8-1076-441E-B4D4-7A7F7A218580}.Release|Any CPU.Build.0 = Release|Any CPU
		{4902D33D-5820-4D98-B615-1B617DE9F63C}.Debug|Any CPU.ActiveCfg = Debug|Any CPU
		{4902D33D-5820-4D98-B615-1B617DE9F63C}.Debug|Any CPU.Build.0 = Debug|Any CPU
		{4902D33D-5820-4D98-B615-1B617DE9F63C}.Release|Any CPU.ActiveCfg = Release|Any CPU
		{4902D33D-5820-4D98-B615-1B617DE9F63C}.Release|Any CPU.Build.0 = Release|Any CPU
		{CA9D5751-98A4-4621-9719-9C8DD8075EE9}.Debug|Any CPU.ActiveCfg = Debug|Any CPU
		{CA9D5751-98A4-4621-9719-9C8DD8075EE9}.Debug|Any CPU.Build.0 = Debug|Any CPU
		{CA9D5751-98A4-4621-9719-9C8DD8075EE9}.Release|Any CPU.ActiveCfg = Release|Any CPU
		{CA9D5751-98A4-4621-9719-9C8DD8075EE9}.Release|Any CPU.Build.0 = Release|Any CPU
		{D41A01B3-4586-4DDB-989D-98BB202B96F0}.Debug|Any CPU.ActiveCfg = Debug|Any CPU
		{D41A01B3-4586-4DDB-989D-98BB202B96F0}.Debug|Any CPU.Build.0 = Debug|Any CPU
		{D41A01B3-4586-4DDB-989D-98BB202B96F0}.Release|Any CPU.ActiveCfg = Release|Any CPU
		{D41A01B3-4586-4DDB-989D-98BB202B96F0}.Release|Any CPU.Build.0 = Release|Any CPU
		{E7557448-1A46-42B9-B57C-F3491E67FF59}.Debug|Any CPU.ActiveCfg = Debug|Any CPU
		{E7557448-1A46-42B9-B57C-F3491E67FF59}.Debug|Any CPU.Build.0 = Debug|Any CPU
		{E7557448-1A46-42B9-B57C-F3491E67FF59}.Release|Any CPU.ActiveCfg = Release|Any CPU
		{E7557448-1A46-42B9-B57C-F3491E67FF59}.Release|Any CPU.Build.0 = Release|Any CPU
		{8721872F-F714-4E26-9991-487404D570AB}.Debug|Any CPU.ActiveCfg = Debug|Any CPU
		{8721872F-F714-4E26-9991-487404D570AB}.Debug|Any CPU.Build.0 = Debug|Any CPU
		{8721872F-F714-4E26-9991-487404D570AB}.Release|Any CPU.ActiveCfg = Release|Any CPU
		{8721872F-F714-4E26-9991-487404D570AB}.Release|Any CPU.Build.0 = Release|Any CPU
	EndGlobalSection
	GlobalSection(SolutionProperties) = preSolution
		HideSolutionNode = FALSE
	EndGlobalSection
	GlobalSection(NestedProjects) = preSolution
		{38C4E47D-7418-41FD-8017-FB5104D128BA} = {0911DDF1-E514-4BCF-915A-49999D5D168C}
		{F2C4C5A4-216F-43D9-8B8B-A793F70B3539} = {0911DDF1-E514-4BCF-915A-49999D5D168C}
		{CD09B351-E57D-4B12-914F-9F18E792E861} = {0911DDF1-E514-4BCF-915A-49999D5D168C}
		{80148EDE-E470-402C-B8C5-D20E5847D983} = {0911DDF1-E514-4BCF-915A-49999D5D168C}
		{DE9BDA65-BCFA-4E75-B30E-BC00E2AE96EC} = {0911DDF1-E514-4BCF-915A-49999D5D168C}
		{E37AEA94-1290-4E42-84D5-D2F5925B3EDE} = {4EC06189-D9CE-42F3-BFA0-F70810EF617B}
		{7262A549-F630-4636-B847-1ACA0B8587A4} = {4EC06189-D9CE-42F3-BFA0-F70810EF617B}
		{92B38832-D28F-4A81-AEB1-C34130D2CCE6} = {4EC06189-D9CE-42F3-BFA0-F70810EF617B}
		{B2BD8044-8307-4077-895B-0762E37954CC} = {8AB3EC66-BC8B-447F-9235-09B301ED39D7}
		{2C4112DE-DE5C-48EB-A5DD-62C8EFBA5621} = {8AB3EC66-BC8B-447F-9235-09B301ED39D7}
		{25CF4BF8-091C-43FC-8ADB-D2E1D80EEAF5} = {CCEBF476-093B-49D8-91AD-6675B08CD89D}
		{5FA4394C-FC95-4985-AC57-945F74DFB546} = {CCEBF476-093B-49D8-91AD-6675B08CD89D}
		{3FC3058C-A858-4E1B-BB98-20A6CEA31003} = {6D79F5D6-917D-4593-A830-3998BF865DD2}
		{9EABC675-0628-4FB4-8368-5B3BF4C973A0} = {FE2BB652-4CA0-4EC3-9861-E99605C7CBD6}
		{2C006797-8617-4A22-9882-FDC8DFC40BE9} = {63EAABF5-FA58-43EA-BE1B-C5641D3996B1}
		{48BE61C0-14AE-46B7-B879-FA81BDE0C29F} = {C0591484-7895-44F5-B595-5A913F60F556}
		{91BAE307-CC80-4F66-9A18-3FB7D95F8C1E} = {0FE16CA6-5BAC-46EF-A696-2FFD44907F7A}
		{31AD4687-D476-4473-ABDF-395DDF1955BE} = {D70FC29C-0064-4EC1-B5A5-E4ECEAA268A4}
		{F78B46E0-CBBC-47D9-AED2-412A561624A9} = {09567064-E2D7-4C14-88BD-E20A9FC854F7}
		{E4F8A7F1-6A25-4CAE-B984-3134A1773DA0} = {86BECD2E-F3E7-440A-83DC-2251A936DAD1}
		{8A136344-FC94-4BEE-B052-536FED392689} = {AAC0AA8C-6FE6-4C85-840B-B4387689AFE0}
		{7A63F22B-554A-4AC3-9D28-7F1EEAC7BC19} = {AAC0AA8C-6FE6-4C85-840B-B4387689AFE0}
		{44852006-3FFC-4974-9520-8E86354E385C} = {AAC0AA8C-6FE6-4C85-840B-B4387689AFE0}
		{1D05A2F5-8339-46AD-B055-EB4CAEC2A798} = {C3CBA0E9-0DCB-486E-B1F4-DE3EE06FF465}
		{1B2ABD77-688B-401B-96F1-6ABAD294E288} = {20F92FF8-A265-443A-8D10-F113903A7ECE}
		{7A2A2C87-7854-472F-9F5E-97CB5AE7F4E4} = {6D79F5D6-917D-4593-A830-3998BF865DD2}
		{FEEDECE3-852E-4970-ACE7-21BD8F72DADD} = {20F92FF8-A265-443A-8D10-F113903A7ECE}
		{C28DB02B-9600-48E5-82EA-3D1AAF8D7EDC} = {8AB3EC66-BC8B-447F-9235-09B301ED39D7}
		{E437BC56-D4FD-4873-8395-F61155291BE4} = {FE2BB652-4CA0-4EC3-9861-E99605C7CBD6}
		{6F2D8FE5-D64C-4D3B-BAAE-CC039E794A8A} = {63EAABF5-FA58-43EA-BE1B-C5641D3996B1}
		{37B57C3F-DF39-412C-8AC5-21B4250E4FE4} = {C0591484-7895-44F5-B595-5A913F60F556}
		{7D756EA0-6DE4-468F-9B10-E6D9626351E6} = {0FE16CA6-5BAC-46EF-A696-2FFD44907F7A}
		{B1C33283-BEB4-4A0E-8F07-E94C124C7EE0} = {09567064-E2D7-4C14-88BD-E20A9FC854F7}
		{D7163BCF-77B8-4D63-A783-12F25DA505FA} = {D70FC29C-0064-4EC1-B5A5-E4ECEAA268A4}
		{D5941CCC-4D5E-4C0C-811D-4F8F6856ABA2} = {86BECD2E-F3E7-440A-83DC-2251A936DAD1}
		{D533FE41-44BA-4DAC-B127-B1BD39300B88} = {AAC0AA8C-6FE6-4C85-840B-B4387689AFE0}
		{C36DED3A-7A90-4616-B8E5-24D3DBB6F9EC} = {C3CBA0E9-0DCB-486E-B1F4-DE3EE06FF465}
		{B55EECCE-8302-4883-B25D-FB7EF4BE8CE0} = {4EC06189-D9CE-42F3-BFA0-F70810EF617B}
		{8CBDECFC-D1A0-4A03-BCD4-BE7F979EC9C6} = {4EC06189-D9CE-42F3-BFA0-F70810EF617B}
		{0EE14144-83BC-4907-AB66-FA660A3CCBB8} = {63EAABF5-FA58-43EA-BE1B-C5641D3996B1}
		{63EAABF5-FA58-43EA-BE1B-C5641D3996B1} = {6D79F5D6-917D-4593-A830-3998BF865DD2}
		{0FE16CA6-5BAC-46EF-A696-2FFD44907F7A} = {6D79F5D6-917D-4593-A830-3998BF865DD2}
		{09567064-E2D7-4C14-88BD-E20A9FC854F7} = {6D79F5D6-917D-4593-A830-3998BF865DD2}
		{D70FC29C-0064-4EC1-B5A5-E4ECEAA268A4} = {6D79F5D6-917D-4593-A830-3998BF865DD2}
		{86BECD2E-F3E7-440A-83DC-2251A936DAD1} = {6D79F5D6-917D-4593-A830-3998BF865DD2}
		{AAC0AA8C-6FE6-4C85-840B-B4387689AFE0} = {6D79F5D6-917D-4593-A830-3998BF865DD2}
		{C3CBA0E9-0DCB-486E-B1F4-DE3EE06FF465} = {6D79F5D6-917D-4593-A830-3998BF865DD2}
		{FE2BB652-4CA0-4EC3-9861-E99605C7CBD6} = {6D79F5D6-917D-4593-A830-3998BF865DD2}
		{20F92FF8-A265-443A-8D10-F113903A7ECE} = {6D79F5D6-917D-4593-A830-3998BF865DD2}
		{C0591484-7895-44F5-B595-5A913F60F556} = {6D79F5D6-917D-4593-A830-3998BF865DD2}
		{AAA182C8-D4E5-426C-99E6-1878AB75104F} = {C0591484-7895-44F5-B595-5A913F60F556}
		{1829C813-0B7B-4BF6-90E1-B14C60305E0E} = {0FE16CA6-5BAC-46EF-A696-2FFD44907F7A}
		{13EDAB4C-8D29-4AE6-89AA-0A43C01E1B79} = {09567064-E2D7-4C14-88BD-E20A9FC854F7}
		{2887FF71-10EA-4F92-9A9F-D764FEE87ECD} = {D70FC29C-0064-4EC1-B5A5-E4ECEAA268A4}
		{02C7DEBB-3CF7-440F-A3B6-CF81AE18121D} = {86BECD2E-F3E7-440A-83DC-2251A936DAD1}
		{A385BBE9-2E0E-4B64-9453-097340C7DBA0} = {AAC0AA8C-6FE6-4C85-840B-B4387689AFE0}
		{102723B8-1076-441E-B4D4-7A7F7A218580} = {C3CBA0E9-0DCB-486E-B1F4-DE3EE06FF465}
		{4902D33D-5820-4D98-B615-1B617DE9F63C} = {FE2BB652-4CA0-4EC3-9861-E99605C7CBD6}
		{CA9D5751-98A4-4621-9719-9C8DD8075EE9} = {20F92FF8-A265-443A-8D10-F113903A7ECE}
		{D41A01B3-4586-4DDB-989D-98BB202B96F0} = {CCEBF476-093B-49D8-91AD-6675B08CD89D}
		{E7557448-1A46-42B9-B57C-F3491E67FF59} = {6D79F5D6-917D-4593-A830-3998BF865DD2}
		{8721872F-F714-4E26-9991-487404D570AB} = {6D79F5D6-917D-4593-A830-3998BF865DD2}
	EndGlobalSection
	GlobalSection(ExtensibilityGlobals) = postSolution
		SolutionGuid = {A9F1BB93-CFBC-4E41-A865-325B22465054}
	EndGlobalSection
EndGlobal
