
Microsoft Visual Studio Solution File, Format Version 12.00
# Visual Studio Version 17
VisualStudioVersion = 17.0.32112.339
MinimumVisualStudioVersion = 10.0.40219.1
Project("{2150E333-8FDC-42A3-9474-1A3956D46DE8}") = "Applications", "Applications", "{0911DDF1-E514-4BCF-915A-49999D5D168C}"
EndProject
Project("{9A19103F-16F7-4668-BE54-9A1E7A4F7556}") = "GameEstate", "src\GameEstate\GameEstate.csproj", "{AE8A0465-C688-4EDF-9242-1A549FB6154C}"
EndProject
Project("{9A19103F-16F7-4668-BE54-9A1E7A4F7556}") = "GameEstate.App.Explorer", "src\Applications\GameEstate.App.Explorer\GameEstate.App.Explorer.csproj", "{38C4E47D-7418-41FD-8017-FB5104D128BA}"
EndProject
Project("{9A19103F-16F7-4668-BE54-9A1E7A4F7556}") = "GameEstate.App.Cli", "src\Applications\GameEstate.App.Cli\GameEstate.App.Cli.csproj", "{F2C4C5A4-216F-43D9-8B8B-A793F70B3539}"
EndProject
Project("{9A19103F-16F7-4668-BE54-9A1E7A4F7556}") = "GameEstate.App.UnityPlugin", "src\Applications\GameEstate.App.UnityPlugin\GameEstate.App.UnityPlugin.csproj", "{CD09B351-E57D-4B12-914F-9F18E792E861}"
EndProject
Project("{9A19103F-16F7-4668-BE54-9A1E7A4F7556}") = "GameEstate.App.UnrealPlugin", "src\Applications\GameEstate.App.UnrealPlugin\GameEstate.App.UnrealPlugin.csproj", "{80148EDE-E470-402C-B8C5-D20E5847D983}"
EndProject
Project("{9A19103F-16F7-4668-BE54-9A1E7A4F7556}") = "GameEstateTests", "src\GameEstateTests\GameEstateTests.csproj", "{D9488276-03E3-4F83-A489-E82988CE3B83}"
EndProject
Project("{9A19103F-16F7-4668-BE54-9A1E7A4F7556}") = "GameEstate.App.CliTests", "src\Applications\GameEstate.App.CliTests\GameEstate.App.CliTests.csproj", "{DE9BDA65-BCFA-4E75-B30E-BC00E2AE96EC}"
EndProject
Project("{2150E333-8FDC-42A3-9474-1A3956D46DE8}") = "Units", "Units", "{CCEBF476-093B-49D8-91AD-6675B08CD89D}"
EndProject
Project("{2150E333-8FDC-42A3-9474-1A3956D46DE8}") = "OpenStack", "OpenStack", "{4EC06189-D9CE-42F3-BFA0-F70810EF617B}"
EndProject
Project("{9A19103F-16F7-4668-BE54-9A1E7A4F7556}") = "OpenStack.Graphics", "src\OpenStack\OpenStack.Graphics\OpenStack.Graphics.csproj", "{E37AEA94-1290-4E42-84D5-D2F5925B3EDE}"
EndProject
Project("{9A19103F-16F7-4668-BE54-9A1E7A4F7556}") = "OpenStack.Graphics.GLControl", "src\OpenStack\OpenStack.Graphics.GLControl\OpenStack.Graphics.GLControl.csproj", "{7262A549-F630-4636-B847-1ACA0B8587A4}"
EndProject
Project("{9A19103F-16F7-4668-BE54-9A1E7A4F7556}") = "OpenStack.Graphics.OpenGL", "src\OpenStack\OpenStack.Graphics.OpenGL\OpenStack.Graphics.OpenGL.csproj", "{92B38832-D28F-4A81-AEB1-C34130D2CCE6}"
EndProject
Project("{2150E333-8FDC-42A3-9474-1A3956D46DE8}") = "OpenTK", "OpenTK", "{8AB3EC66-BC8B-447F-9235-09B301ED39D7}"
EndProject
Project("{9A19103F-16F7-4668-BE54-9A1E7A4F7556}") = "OpenTK.ConsoleTest", "src\OpenTK\OpenTK.ConsoleTest\OpenTK.ConsoleTest.csproj", "{A013A0F4-E513-44FD-B4B3-BDD1BF22BEB0}"
EndProject
Project("{9A19103F-16F7-4668-BE54-9A1E7A4F7556}") = "OpenTK.GLControl", "src\OpenTK\OpenTK.GLControl\OpenTK.GLControl.csproj", "{B2BD8044-8307-4077-895B-0762E37954CC}"
EndProject
Project("{9A19103F-16F7-4668-BE54-9A1E7A4F7556}") = "OpenTK.WpfTest", "src\OpenTK\OpenTK.WpfTest\OpenTK.WpfTest.csproj", "{2C4112DE-DE5C-48EB-A5DD-62C8EFBA5621}"
EndProject
Project("{9A19103F-16F7-4668-BE54-9A1E7A4F7556}") = "GameEstate.Unit.OpenGL", "src\Units\GameEstate.Unit.OpenGL\GameEstate.Unit.OpenGL.csproj", "{25CF4BF8-091C-43FC-8ADB-D2E1D80EEAF5}"
EndProject
Project("{2150E333-8FDC-42A3-9474-1A3956D46DE8}") = "Estates", "Estates", "{6D79F5D6-917D-4593-A830-3998BF865DD2}"
EndProject
Project("{9A19103F-16F7-4668-BE54-9A1E7A4F7556}") = "GameEstate.Unit.Unity", "src\Units\GameEstate.Unit.Unity\GameEstate.Unit.Unity.csproj", "{5FA4394C-FC95-4985-AC57-945F74DFB546}"
EndProject
Project("{9A19103F-16F7-4668-BE54-9A1E7A4F7556}") = "GameEstate._Base", "src\Estates\GameEstate._Base\GameEstate._Base.csproj", "{3FC3058C-A858-4E1B-BB98-20A6CEA31003}"
EndProject
Project("{9A19103F-16F7-4668-BE54-9A1E7A4F7556}") = "GameEstate.Tes", "src\Estates\GameEstate.Tes\GameEstate.Tes.csproj", "{9EABC675-0628-4FB4-8368-5B3BF4C973A0}"
EndProject
Project("{9A19103F-16F7-4668-BE54-9A1E7A4F7556}") = "GameEstate.AC", "src\Estates\GameEstate.AC\GameEstate.AC.csproj", "{2C006797-8617-4A22-9882-FDC8DFC40BE9}"
EndProject
Project("{9A19103F-16F7-4668-BE54-9A1E7A4F7556}") = "GameEstate.Ukn", "src\Estates\GameEstate.Ukn\GameEstate.Ukn.csproj", "{94571F71-0552-4213-BFB4-E4D3FB40608F}"
EndProject
Project("{9A19103F-16F7-4668-BE54-9A1E7A4F7556}") = "GameEstate.Arkane", "src\Estates\GameEstate.Arkane\GameEstate.Arkane.csproj", "{48BE61C0-14AE-46B7-B879-FA81BDE0C29F}"
EndProject
Project("{9A19103F-16F7-4668-BE54-9A1E7A4F7556}") = "GameEstate.Aurora", "src\Estates\GameEstate.Aurora\GameEstate.Aurora.csproj", "{91BAE307-CC80-4F66-9A18-3FB7D95F8C1E}"
EndProject
Project("{9A19103F-16F7-4668-BE54-9A1E7A4F7556}") = "GameEstate.Cyanide", "src\Estates\GameEstate.Cyanide\GameEstate.Cyanide.csproj", "{31AD4687-D476-4473-ABDF-395DDF1955BE}"
EndProject
Project("{9A19103F-16F7-4668-BE54-9A1E7A4F7556}") = "GameEstate.Cry", "src\Estates\GameEstate.Cry\GameEstate.Cry.csproj", "{F78B46E0-CBBC-47D9-AED2-412A561624A9}"
EndProject
Project("{9A19103F-16F7-4668-BE54-9A1E7A4F7556}") = "GameEstate.Origin", "src\Estates\GameEstate.Origin\GameEstate.Origin.csproj", "{E4F8A7F1-6A25-4CAE-B984-3134A1773DA0}"
EndProject
Project("{9A19103F-16F7-4668-BE54-9A1E7A4F7556}") = "GameEstate.Red", "src\Estates\GameEstate.Red\GameEstate.Red.csproj", "{8A136344-FC94-4BEE-B052-536FED392689}"
EndProject
Project("{9A19103F-16F7-4668-BE54-9A1E7A4F7556}") = "GameEstate.Red.Resource", "src\Estates\GameEstate.Red.Resource\GameEstate.Red.Resource.csproj", "{7A63F22B-554A-4AC3-9D28-7F1EEAC7BC19}"
EndProject
Project("{9A19103F-16F7-4668-BE54-9A1E7A4F7556}") = "GameEstate.Red.Format", "src\Estates\GameEstate.Red.Format\GameEstate.Red.Format.csproj", "{44852006-3FFC-4974-9520-8E86354E385C}"
EndProject
Project("{9A19103F-16F7-4668-BE54-9A1E7A4F7556}") = "GameEstate.Rsi", "src\Estates\GameEstate.Rsi\GameEstate.Rsi.csproj", "{1D05A2F5-8339-46AD-B055-EB4CAEC2A798}"
EndProject
Project("{9A19103F-16F7-4668-BE54-9A1E7A4F7556}") = "GameEstate.Valve", "src\Estates\GameEstate.Valve\GameEstate.Valve.csproj", "{1B2ABD77-688B-401B-96F1-6ABAD294E288}"
EndProject
Project("{9A19103F-16F7-4668-BE54-9A1E7A4F7556}") = "GameEstate._All", "src\Estates\GameEstate._All\GameEstate._All.csproj", "{7A2A2C87-7854-472F-9F5E-97CB5AE7F4E4}"
EndProject
Global
	GlobalSection(SolutionConfigurationPlatforms) = preSolution
		Debug|Any CPU = Debug|Any CPU
		Release|Any CPU = Release|Any CPU
	EndGlobalSection
	GlobalSection(ProjectConfigurationPlatforms) = postSolution
		{AE8A0465-C688-4EDF-9242-1A549FB6154C}.Debug|Any CPU.ActiveCfg = Debug|Any CPU
		{AE8A0465-C688-4EDF-9242-1A549FB6154C}.Debug|Any CPU.Build.0 = Debug|Any CPU
		{AE8A0465-C688-4EDF-9242-1A549FB6154C}.Release|Any CPU.ActiveCfg = Release|Any CPU
		{AE8A0465-C688-4EDF-9242-1A549FB6154C}.Release|Any CPU.Build.0 = Release|Any CPU
		{38C4E47D-7418-41FD-8017-FB5104D128BA}.Debug|Any CPU.ActiveCfg = Debug|Any CPU
		{38C4E47D-7418-41FD-8017-FB5104D128BA}.Debug|Any CPU.Build.0 = Debug|Any CPU
		{38C4E47D-7418-41FD-8017-FB5104D128BA}.Release|Any CPU.ActiveCfg = Release|Any CPU
		{38C4E47D-7418-41FD-8017-FB5104D128BA}.Release|Any CPU.Build.0 = Release|Any CPU
		{F2C4C5A4-216F-43D9-8B8B-A793F70B3539}.Debug|Any CPU.ActiveCfg = Debug|Any CPU
		{F2C4C5A4-216F-43D9-8B8B-A793F70B3539}.Debug|Any CPU.Build.0 = Debug|Any CPU
		{F2C4C5A4-216F-43D9-8B8B-A793F70B3539}.Release|Any CPU.ActiveCfg = Release|Any CPU
		{F2C4C5A4-216F-43D9-8B8B-A793F70B3539}.Release|Any CPU.Build.0 = Release|Any CPU
		{CD09B351-E57D-4B12-914F-9F18E792E861}.Debug|Any CPU.ActiveCfg = Debug|Any CPU
		{CD09B351-E57D-4B12-914F-9F18E792E861}.Debug|Any CPU.Build.0 = Debug|Any CPU
		{CD09B351-E57D-4B12-914F-9F18E792E861}.Release|Any CPU.ActiveCfg = Release|Any CPU
		{CD09B351-E57D-4B12-914F-9F18E792E861}.Release|Any CPU.Build.0 = Release|Any CPU
		{80148EDE-E470-402C-B8C5-D20E5847D983}.Debug|Any CPU.ActiveCfg = Debug|Any CPU
		{80148EDE-E470-402C-B8C5-D20E5847D983}.Debug|Any CPU.Build.0 = Debug|Any CPU
		{80148EDE-E470-402C-B8C5-D20E5847D983}.Release|Any CPU.ActiveCfg = Release|Any CPU
		{80148EDE-E470-402C-B8C5-D20E5847D983}.Release|Any CPU.Build.0 = Release|Any CPU
		{D9488276-03E3-4F83-A489-E82988CE3B83}.Debug|Any CPU.ActiveCfg = Debug|Any CPU
		{D9488276-03E3-4F83-A489-E82988CE3B83}.Debug|Any CPU.Build.0 = Debug|Any CPU
		{D9488276-03E3-4F83-A489-E82988CE3B83}.Release|Any CPU.ActiveCfg = Release|Any CPU
		{D9488276-03E3-4F83-A489-E82988CE3B83}.Release|Any CPU.Build.0 = Release|Any CPU
		{DE9BDA65-BCFA-4E75-B30E-BC00E2AE96EC}.Debug|Any CPU.ActiveCfg = Debug|Any CPU
		{DE9BDA65-BCFA-4E75-B30E-BC00E2AE96EC}.Debug|Any CPU.Build.0 = Debug|Any CPU
		{DE9BDA65-BCFA-4E75-B30E-BC00E2AE96EC}.Release|Any CPU.ActiveCfg = Release|Any CPU
		{DE9BDA65-BCFA-4E75-B30E-BC00E2AE96EC}.Release|Any CPU.Build.0 = Release|Any CPU
		{E37AEA94-1290-4E42-84D5-D2F5925B3EDE}.Debug|Any CPU.ActiveCfg = Debug|Any CPU
		{E37AEA94-1290-4E42-84D5-D2F5925B3EDE}.Debug|Any CPU.Build.0 = Debug|Any CPU
		{E37AEA94-1290-4E42-84D5-D2F5925B3EDE}.Release|Any CPU.ActiveCfg = Release|Any CPU
		{E37AEA94-1290-4E42-84D5-D2F5925B3EDE}.Release|Any CPU.Build.0 = Release|Any CPU
		{7262A549-F630-4636-B847-1ACA0B8587A4}.Debug|Any CPU.ActiveCfg = Debug|Any CPU
		{7262A549-F630-4636-B847-1ACA0B8587A4}.Debug|Any CPU.Build.0 = Debug|Any CPU
		{7262A549-F630-4636-B847-1ACA0B8587A4}.Release|Any CPU.ActiveCfg = Release|Any CPU
		{7262A549-F630-4636-B847-1ACA0B8587A4}.Release|Any CPU.Build.0 = Release|Any CPU
		{92B38832-D28F-4A81-AEB1-C34130D2CCE6}.Debug|Any CPU.ActiveCfg = Debug|Any CPU
		{92B38832-D28F-4A81-AEB1-C34130D2CCE6}.Debug|Any CPU.Build.0 = Debug|Any CPU
		{92B38832-D28F-4A81-AEB1-C34130D2CCE6}.Release|Any CPU.ActiveCfg = Release|Any CPU
		{92B38832-D28F-4A81-AEB1-C34130D2CCE6}.Release|Any CPU.Build.0 = Release|Any CPU
		{A013A0F4-E513-44FD-B4B3-BDD1BF22BEB0}.Debug|Any CPU.ActiveCfg = Debug|Any CPU
		{A013A0F4-E513-44FD-B4B3-BDD1BF22BEB0}.Debug|Any CPU.Build.0 = Debug|Any CPU
		{A013A0F4-E513-44FD-B4B3-BDD1BF22BEB0}.Release|Any CPU.ActiveCfg = Release|Any CPU
		{A013A0F4-E513-44FD-B4B3-BDD1BF22BEB0}.Release|Any CPU.Build.0 = Release|Any CPU
		{B2BD8044-8307-4077-895B-0762E37954CC}.Debug|Any CPU.ActiveCfg = Debug|Any CPU
		{B2BD8044-8307-4077-895B-0762E37954CC}.Debug|Any CPU.Build.0 = Debug|Any CPU
		{B2BD8044-8307-4077-895B-0762E37954CC}.Release|Any CPU.ActiveCfg = Release|Any CPU
		{B2BD8044-8307-4077-895B-0762E37954CC}.Release|Any CPU.Build.0 = Release|Any CPU
		{2C4112DE-DE5C-48EB-A5DD-62C8EFBA5621}.Debug|Any CPU.ActiveCfg = Debug|Any CPU
		{2C4112DE-DE5C-48EB-A5DD-62C8EFBA5621}.Debug|Any CPU.Build.0 = Debug|Any CPU
		{2C4112DE-DE5C-48EB-A5DD-62C8EFBA5621}.Release|Any CPU.ActiveCfg = Release|Any CPU
		{2C4112DE-DE5C-48EB-A5DD-62C8EFBA5621}.Release|Any CPU.Build.0 = Release|Any CPU
		{25CF4BF8-091C-43FC-8ADB-D2E1D80EEAF5}.Debug|Any CPU.ActiveCfg = Debug|Any CPU
		{25CF4BF8-091C-43FC-8ADB-D2E1D80EEAF5}.Debug|Any CPU.Build.0 = Debug|Any CPU
		{25CF4BF8-091C-43FC-8ADB-D2E1D80EEAF5}.Release|Any CPU.ActiveCfg = Release|Any CPU
		{25CF4BF8-091C-43FC-8ADB-D2E1D80EEAF5}.Release|Any CPU.Build.0 = Release|Any CPU
		{5FA4394C-FC95-4985-AC57-945F74DFB546}.Debug|Any CPU.ActiveCfg = Debug|Any CPU
		{5FA4394C-FC95-4985-AC57-945F74DFB546}.Debug|Any CPU.Build.0 = Debug|Any CPU
		{5FA4394C-FC95-4985-AC57-945F74DFB546}.Release|Any CPU.ActiveCfg = Release|Any CPU
		{5FA4394C-FC95-4985-AC57-945F74DFB546}.Release|Any CPU.Build.0 = Release|Any CPU
		{3FC3058C-A858-4E1B-BB98-20A6CEA31003}.Debug|Any CPU.ActiveCfg = Debug|Any CPU
		{3FC3058C-A858-4E1B-BB98-20A6CEA31003}.Debug|Any CPU.Build.0 = Debug|Any CPU
		{3FC3058C-A858-4E1B-BB98-20A6CEA31003}.Release|Any CPU.ActiveCfg = Release|Any CPU
		{3FC3058C-A858-4E1B-BB98-20A6CEA31003}.Release|Any CPU.Build.0 = Release|Any CPU
		{9EABC675-0628-4FB4-8368-5B3BF4C973A0}.Debug|Any CPU.ActiveCfg = Debug|Any CPU
		{9EABC675-0628-4FB4-8368-5B3BF4C973A0}.Debug|Any CPU.Build.0 = Debug|Any CPU
		{9EABC675-0628-4FB4-8368-5B3BF4C973A0}.Release|Any CPU.ActiveCfg = Release|Any CPU
		{9EABC675-0628-4FB4-8368-5B3BF4C973A0}.Release|Any CPU.Build.0 = Release|Any CPU
		{2C006797-8617-4A22-9882-FDC8DFC40BE9}.Debug|Any CPU.ActiveCfg = Debug|Any CPU
		{2C006797-8617-4A22-9882-FDC8DFC40BE9}.Debug|Any CPU.Build.0 = Debug|Any CPU
		{2C006797-8617-4A22-9882-FDC8DFC40BE9}.Release|Any CPU.ActiveCfg = Release|Any CPU
		{2C006797-8617-4A22-9882-FDC8DFC40BE9}.Release|Any CPU.Build.0 = Release|Any CPU
		{94571F71-0552-4213-BFB4-E4D3FB40608F}.Debug|Any CPU.ActiveCfg = Debug|Any CPU
		{94571F71-0552-4213-BFB4-E4D3FB40608F}.Debug|Any CPU.Build.0 = Debug|Any CPU
		{94571F71-0552-4213-BFB4-E4D3FB40608F}.Release|Any CPU.ActiveCfg = Release|Any CPU
		{94571F71-0552-4213-BFB4-E4D3FB40608F}.Release|Any CPU.Build.0 = Release|Any CPU
		{48BE61C0-14AE-46B7-B879-FA81BDE0C29F}.Debug|Any CPU.ActiveCfg = Debug|Any CPU
		{48BE61C0-14AE-46B7-B879-FA81BDE0C29F}.Debug|Any CPU.Build.0 = Debug|Any CPU
		{48BE61C0-14AE-46B7-B879-FA81BDE0C29F}.Release|Any CPU.ActiveCfg = Release|Any CPU
		{48BE61C0-14AE-46B7-B879-FA81BDE0C29F}.Release|Any CPU.Build.0 = Release|Any CPU
		{91BAE307-CC80-4F66-9A18-3FB7D95F8C1E}.Debug|Any CPU.ActiveCfg = Debug|Any CPU
		{91BAE307-CC80-4F66-9A18-3FB7D95F8C1E}.Debug|Any CPU.Build.0 = Debug|Any CPU
		{91BAE307-CC80-4F66-9A18-3FB7D95F8C1E}.Release|Any CPU.ActiveCfg = Release|Any CPU
		{91BAE307-CC80-4F66-9A18-3FB7D95F8C1E}.Release|Any CPU.Build.0 = Release|Any CPU
		{31AD4687-D476-4473-ABDF-395DDF1955BE}.Debug|Any CPU.ActiveCfg = Debug|Any CPU
		{31AD4687-D476-4473-ABDF-395DDF1955BE}.Debug|Any CPU.Build.0 = Debug|Any CPU
		{31AD4687-D476-4473-ABDF-395DDF1955BE}.Release|Any CPU.ActiveCfg = Release|Any CPU
		{31AD4687-D476-4473-ABDF-395DDF1955BE}.Release|Any CPU.Build.0 = Release|Any CPU
		{F78B46E0-CBBC-47D9-AED2-412A561624A9}.Debug|Any CPU.ActiveCfg = Debug|Any CPU
		{F78B46E0-CBBC-47D9-AED2-412A561624A9}.Debug|Any CPU.Build.0 = Debug|Any CPU
		{F78B46E0-CBBC-47D9-AED2-412A561624A9}.Release|Any CPU.ActiveCfg = Release|Any CPU
		{F78B46E0-CBBC-47D9-AED2-412A561624A9}.Release|Any CPU.Build.0 = Release|Any CPU
		{E4F8A7F1-6A25-4CAE-B984-3134A1773DA0}.Debug|Any CPU.ActiveCfg = Debug|Any CPU
		{E4F8A7F1-6A25-4CAE-B984-3134A1773DA0}.Debug|Any CPU.Build.0 = Debug|Any CPU
		{E4F8A7F1-6A25-4CAE-B984-3134A1773DA0}.Release|Any CPU.ActiveCfg = Release|Any CPU
		{E4F8A7F1-6A25-4CAE-B984-3134A1773DA0}.Release|Any CPU.Build.0 = Release|Any CPU
		{8A136344-FC94-4BEE-B052-536FED392689}.Debug|Any CPU.ActiveCfg = Debug|Any CPU
		{8A136344-FC94-4BEE-B052-536FED392689}.Debug|Any CPU.Build.0 = Debug|Any CPU
		{8A136344-FC94-4BEE-B052-536FED392689}.Release|Any CPU.ActiveCfg = Release|Any CPU
		{8A136344-FC94-4BEE-B052-536FED392689}.Release|Any CPU.Build.0 = Release|Any CPU
		{7A63F22B-554A-4AC3-9D28-7F1EEAC7BC19}.Debug|Any CPU.ActiveCfg = Debug|Any CPU
		{7A63F22B-554A-4AC3-9D28-7F1EEAC7BC19}.Debug|Any CPU.Build.0 = Debug|Any CPU
		{7A63F22B-554A-4AC3-9D28-7F1EEAC7BC19}.Release|Any CPU.ActiveCfg = Release|Any CPU
		{7A63F22B-554A-4AC3-9D28-7F1EEAC7BC19}.Release|Any CPU.Build.0 = Release|Any CPU
		{44852006-3FFC-4974-9520-8E86354E385C}.Debug|Any CPU.ActiveCfg = Debug|Any CPU
		{44852006-3FFC-4974-9520-8E86354E385C}.Debug|Any CPU.Build.0 = Debug|Any CPU
		{44852006-3FFC-4974-9520-8E86354E385C}.Release|Any CPU.ActiveCfg = Release|Any CPU
		{44852006-3FFC-4974-9520-8E86354E385C}.Release|Any CPU.Build.0 = Release|Any CPU
		{1D05A2F5-8339-46AD-B055-EB4CAEC2A798}.Debug|Any CPU.ActiveCfg = Debug|Any CPU
		{1D05A2F5-8339-46AD-B055-EB4CAEC2A798}.Debug|Any CPU.Build.0 = Debug|Any CPU
		{1D05A2F5-8339-46AD-B055-EB4CAEC2A798}.Release|Any CPU.ActiveCfg = Release|Any CPU
		{1D05A2F5-8339-46AD-B055-EB4CAEC2A798}.Release|Any CPU.Build.0 = Release|Any CPU
		{1B2ABD77-688B-401B-96F1-6ABAD294E288}.Debug|Any CPU.ActiveCfg = Debug|Any CPU
		{1B2ABD77-688B-401B-96F1-6ABAD294E288}.Debug|Any CPU.Build.0 = Debug|Any CPU
		{1B2ABD77-688B-401B-96F1-6ABAD294E288}.Release|Any CPU.ActiveCfg = Release|Any CPU
		{1B2ABD77-688B-401B-96F1-6ABAD294E288}.Release|Any CPU.Build.0 = Release|Any CPU
		{7A2A2C87-7854-472F-9F5E-97CB5AE7F4E4}.Debug|Any CPU.ActiveCfg = Debug|Any CPU
		{7A2A2C87-7854-472F-9F5E-97CB5AE7F4E4}.Debug|Any CPU.Build.0 = Debug|Any CPU
		{7A2A2C87-7854-472F-9F5E-97CB5AE7F4E4}.Release|Any CPU.ActiveCfg = Release|Any CPU
		{7A2A2C87-7854-472F-9F5E-97CB5AE7F4E4}.Release|Any CPU.Build.0 = Release|Any CPU
	EndGlobalSection
	GlobalSection(SolutionProperties) = preSolution
		HideSolutionNode = FALSE
	EndGlobalSection
	GlobalSection(NestedProjects) = preSolution
		{38C4E47D-7418-41FD-8017-FB5104D128BA} = {0911DDF1-E514-4BCF-915A-49999D5D168C}
		{F2C4C5A4-216F-43D9-8B8B-A793F70B3539} = {0911DDF1-E514-4BCF-915A-49999D5D168C}
		{CD09B351-E57D-4B12-914F-9F18E792E861} = {0911DDF1-E514-4BCF-915A-49999D5D168C}
		{80148EDE-E470-402C-B8C5-D20E5847D983} = {0911DDF1-E514-4BCF-915A-49999D5D168C}
		{DE9BDA65-BCFA-4E75-B30E-BC00E2AE96EC} = {0911DDF1-E514-4BCF-915A-49999D5D168C}
		{E37AEA94-1290-4E42-84D5-D2F5925B3EDE} = {4EC06189-D9CE-42F3-BFA0-F70810EF617B}
		{7262A549-F630-4636-B847-1ACA0B8587A4} = {4EC06189-D9CE-42F3-BFA0-F70810EF617B}
		{92B38832-D28F-4A81-AEB1-C34130D2CCE6} = {4EC06189-D9CE-42F3-BFA0-F70810EF617B}
		{A013A0F4-E513-44FD-B4B3-BDD1BF22BEB0} = {8AB3EC66-BC8B-447F-9235-09B301ED39D7}
		{B2BD8044-8307-4077-895B-0762E37954CC} = {8AB3EC66-BC8B-447F-9235-09B301ED39D7}
		{2C4112DE-DE5C-48EB-A5DD-62C8EFBA5621} = {8AB3EC66-BC8B-447F-9235-09B301ED39D7}
		{25CF4BF8-091C-43FC-8ADB-D2E1D80EEAF5} = {CCEBF476-093B-49D8-91AD-6675B08CD89D}
		{5FA4394C-FC95-4985-AC57-945F74DFB546} = {CCEBF476-093B-49D8-91AD-6675B08CD89D}
		{3FC3058C-A858-4E1B-BB98-20A6CEA31003} = {6D79F5D6-917D-4593-A830-3998BF865DD2}
		{9EABC675-0628-4FB4-8368-5B3BF4C973A0} = {6D79F5D6-917D-4593-A830-3998BF865DD2}
		{2C006797-8617-4A22-9882-FDC8DFC40BE9} = {6D79F5D6-917D-4593-A830-3998BF865DD2}
		{94571F71-0552-4213-BFB4-E4D3FB40608F} = {6D79F5D6-917D-4593-A830-3998BF865DD2}
		{48BE61C0-14AE-46B7-B879-FA81BDE0C29F} = {6D79F5D6-917D-4593-A830-3998BF865DD2}
		{91BAE307-CC80-4F66-9A18-3FB7D95F8C1E} = {6D79F5D6-917D-4593-A830-3998BF865DD2}
		{31AD4687-D476-4473-ABDF-395DDF1955BE} = {6D79F5D6-917D-4593-A830-3998BF865DD2}
		{F78B46E0-CBBC-47D9-AED2-412A561624A9} = {6D79F5D6-917D-4593-A830-3998BF865DD2}
		{E4F8A7F1-6A25-4CAE-B984-3134A1773DA0} = {6D79F5D6-917D-4593-A830-3998BF865DD2}
		{8A136344-FC94-4BEE-B052-536FED392689} = {6D79F5D6-917D-4593-A830-3998BF865DD2}
		{7A63F22B-554A-4AC3-9D28-7F1EEAC7BC19} = {6D79F5D6-917D-4593-A830-3998BF865DD2}
		{44852006-3FFC-4974-9520-8E86354E385C} = {6D79F5D6-917D-4593-A830-3998BF865DD2}
		{1D05A2F5-8339-46AD-B055-EB4CAEC2A798} = {6D79F5D6-917D-4593-A830-3998BF865DD2}
		{1B2ABD77-688B-401B-96F1-6ABAD294E288} = {6D79F5D6-917D-4593-A830-3998BF865DD2}
		{7A2A2C87-7854-472F-9F5E-97CB5AE7F4E4} = {6D79F5D6-917D-4593-A830-3998BF865DD2}
	EndGlobalSection
	GlobalSection(ExtensibilityGlobals) = postSolution
		SolutionGuid = {A9F1BB93-CFBC-4E41-A865-325B22465054}
	EndGlobalSection
EndGlobal
